// !$*UTF8*$!
{
	archiveVersion = 1;
	classes = {
	};
	objectVersion = 50;
	objects = {

/* Begin PBXBuildFile section */
		8C1D2624236683AC001895AA /* SettingsViewController.swift in Sources */ = {isa = PBXBuildFile; fileRef = 8C1D2623236683AC001895AA /* SettingsViewController.swift */; };
		8C1D262823669395001895AA /* SettingsDelegate.swift in Sources */ = {isa = PBXBuildFile; fileRef = 8C1D262723669395001895AA /* SettingsDelegate.swift */; };
		8C939FBD235539A900672688 /* AppDelegate.swift in Sources */ = {isa = PBXBuildFile; fileRef = 8C939FBC235539A900672688 /* AppDelegate.swift */; };
		8C939FBF235539A900672688 /* SceneDelegate.swift in Sources */ = {isa = PBXBuildFile; fileRef = 8C939FBE235539A900672688 /* SceneDelegate.swift */; };
		8C939FC1235539A900672688 /* ViewController.swift in Sources */ = {isa = PBXBuildFile; fileRef = 8C939FC0235539A900672688 /* ViewController.swift */; };
		8C939FC4235539A900672688 /* Main.storyboard in Resources */ = {isa = PBXBuildFile; fileRef = 8C939FC2235539A900672688 /* Main.storyboard */; };
		8C939FC6235539AA00672688 /* Assets.xcassets in Resources */ = {isa = PBXBuildFile; fileRef = 8C939FC5235539AA00672688 /* Assets.xcassets */; };
		8C939FC9235539AA00672688 /* LaunchScreen.storyboard in Resources */ = {isa = PBXBuildFile; fileRef = 8C939FC7235539AA00672688 /* LaunchScreen.storyboard */; };
/* End PBXBuildFile section */

/* Begin PBXFileReference section */
		8C1D2623236683AC001895AA /* SettingsViewController.swift */ = {isa = PBXFileReference; lastKnownFileType = sourcecode.swift; path = SettingsViewController.swift; sourceTree = "<group>"; };
		8C1D262723669395001895AA /* SettingsDelegate.swift */ = {isa = PBXFileReference; lastKnownFileType = sourcecode.swift; path = SettingsDelegate.swift; sourceTree = "<group>"; };
		8C939FB9235539A900672688 /* CarController.app */ = {isa = PBXFileReference; explicitFileType = wrapper.application; includeInIndex = 0; path = CarController.app; sourceTree = BUILT_PRODUCTS_DIR; };
		8C939FBC235539A900672688 /* AppDelegate.swift */ = {isa = PBXFileReference; lastKnownFileType = sourcecode.swift; path = AppDelegate.swift; sourceTree = "<group>"; };
		8C939FBE235539A900672688 /* SceneDelegate.swift */ = {isa = PBXFileReference; lastKnownFileType = sourcecode.swift; path = SceneDelegate.swift; sourceTree = "<group>"; };
		8C939FC0235539A900672688 /* ViewController.swift */ = {isa = PBXFileReference; lastKnownFileType = sourcecode.swift; path = ViewController.swift; sourceTree = "<group>"; };
		8C939FC3235539A900672688 /* Base */ = {isa = PBXFileReference; lastKnownFileType = file.storyboard; name = Base; path = Base.lproj/Main.storyboard; sourceTree = "<group>"; };
		8C939FC5235539AA00672688 /* Assets.xcassets */ = {isa = PBXFileReference; lastKnownFileType = folder.assetcatalog; path = Assets.xcassets; sourceTree = "<group>"; };
		8C939FC8235539AA00672688 /* Base */ = {isa = PBXFileReference; lastKnownFileType = file.storyboard; name = Base; path = Base.lproj/LaunchScreen.storyboard; sourceTree = "<group>"; };
		8C939FCA235539AA00672688 /* Info.plist */ = {isa = PBXFileReference; lastKnownFileType = text.plist.xml; path = Info.plist; sourceTree = "<group>"; };
/* End PBXFileReference section */

/* Begin PBXFrameworksBuildPhase section */
		8C939FB6235539A900672688 /* Frameworks */ = {
			isa = PBXFrameworksBuildPhase;
			buildActionMask = 2147483647;
			files = (
			);
			runOnlyForDeploymentPostprocessing = 0;
		};
/* End PBXFrameworksBuildPhase section */

/* Begin PBXGroup section */
		8C939FB0235539A900672688 = {
			isa = PBXGroup;
			children = (
				8C939FBB235539A900672688 /* CarController */,
				8C939FBA235539A900672688 /* Products */,
			);
			sourceTree = "<group>";
		};
		8C939FBA235539A900672688 /* Products */ = {
			isa = PBXGroup;
			children = (
				8C939FB9235539A900672688 /* CarController.app */,
			);
			name = Products;
			sourceTree = "<group>";
		};
		8C939FBB235539A900672688 /* CarController */ = {
			isa = PBXGroup;
			children = (
				8C939FBC235539A900672688 /* AppDelegate.swift */,
				8C939FBE235539A900672688 /* SceneDelegate.swift */,
				8C939FC0235539A900672688 /* ViewController.swift */,
				8C1D262723669395001895AA /* SettingsDelegate.swift */,
				8C1D2623236683AC001895AA /* SettingsViewController.swift */,
				8C939FC2235539A900672688 /* Main.storyboard */,
				8C939FC5235539AA00672688 /* Assets.xcassets */,
				8C939FC7235539AA00672688 /* LaunchScreen.storyboard */,
				8C939FCA235539AA00672688 /* Info.plist */,
			);
			path = CarController;
			sourceTree = "<group>";
		};
/* End PBXGroup section */

/* Begin PBXNativeTarget section */
		8C939FB8235539A900672688 /* CarController */ = {
			isa = PBXNativeTarget;
			buildConfigurationList = 8C939FCD235539AA00672688 /* Build configuration list for PBXNativeTarget "CarController" */;
			buildPhases = (
				8C939FB5235539A900672688 /* Sources */,
				8C939FB6235539A900672688 /* Frameworks */,
				8C939FB7235539A900672688 /* Resources */,
			);
			buildRules = (
			);
			dependencies = (
			);
			name = CarController;
			productName = CarController;
			productReference = 8C939FB9235539A900672688 /* CarController.app */;
			productType = "com.apple.product-type.application";
		};
/* End PBXNativeTarget section */

/* Begin PBXProject section */
		8C939FB1235539A900672688 /* Project object */ = {
			isa = PBXProject;
			attributes = {
				LastSwiftUpdateCheck = 1110;
				LastUpgradeCheck = 1110;
				ORGANIZATIONNAME = "Samuel Behrens";
				TargetAttributes = {
					8C939FB8235539A900672688 = {
						CreatedOnToolsVersion = 11.1;
					};
				};
			};
			buildConfigurationList = 8C939FB4235539A900672688 /* Build configuration list for PBXProject "CarController" */;
			compatibilityVersion = "Xcode 9.3";
			developmentRegion = en;
			hasScannedForEncodings = 0;
			knownRegions = (
				en,
				Base,
			);
			mainGroup = 8C939FB0235539A900672688;
			productRefGroup = 8C939FBA235539A900672688 /* Products */;
			projectDirPath = "";
			projectRoot = "";
			targets = (
				8C939FB8235539A900672688 /* CarController */,
			);
		};
/* End PBXProject section */

/* Begin PBXResourcesBuildPhase section */
		8C939FB7235539A900672688 /* Resources */ = {
			isa = PBXResourcesBuildPhase;
			buildActionMask = 2147483647;
			files = (
				8C939FC9235539AA00672688 /* LaunchScreen.storyboard in Resources */,
				8C939FC6235539AA00672688 /* Assets.xcassets in Resources */,
				8C939FC4235539A900672688 /* Main.storyboard in Resources */,
			);
			runOnlyForDeploymentPostprocessing = 0;
		};
/* End PBXResourcesBuildPhase section */

/* Begin PBXSourcesBuildPhase section */
		8C939FB5235539A900672688 /* Sources */ = {
			isa = PBXSourcesBuildPhase;
			buildActionMask = 2147483647;
			files = (
				8C939FC1235539A900672688 /* ViewController.swift in Sources */,
				8C939FBD235539A900672688 /* AppDelegate.swift in Sources */,
				8C939FBF235539A900672688 /* SceneDelegate.swift in Sources */,
				8C1D262823669395001895AA /* SettingsDelegate.swift in Sources */,
				8C1D2624236683AC001895AA /* SettingsViewController.swift in Sources */,
			);
			runOnlyForDeploymentPostprocessing = 0;
		};
/* End PBXSourcesBuildPhase section */

/* Begin PBXVariantGroup section */
		8C939FC2235539A900672688 /* Main.storyboard */ = {
			isa = PBXVariantGroup;
			children = (
				8C939FC3235539A900672688 /* Base */,
			);
			name = Main.storyboard;
			sourceTree = "<group>";
		};
		8C939FC7235539AA00672688 /* LaunchScreen.storyboard */ = {
			isa = PBXVariantGroup;
			children = (
				8C939FC8235539AA00672688 /* Base */,
			);
			name = LaunchScreen.storyboard;
			sourceTree = "<group>";
		};
/* End PBXVariantGroup section */

/* Begin XCBuildConfiguration section */
		8C939FCB235539AA00672688 /* Debug */ = {
			isa = XCBuildConfiguration;
			buildSettings = {
				ALWAYS_SEARCH_USER_PATHS = NO;
				CLANG_ANALYZER_NONNULL = YES;
				CLANG_ANALYZER_NUMBER_OBJECT_CONVERSION = YES_AGGRESSIVE;
				CLANG_CXX_LANGUAGE_STANDARD = "gnu++14";
				CLANG_CXX_LIBRARY = "libc++";
				CLANG_ENABLE_MODULES = YES;
				CLANG_ENABLE_OBJC_ARC = YES;
				CLANG_ENABLE_OBJC_WEAK = YES;
				CLANG_WARN_BLOCK_CAPTURE_AUTORELEASING = YES;
				CLANG_WARN_BOOL_CONVERSION = YES;
				CLANG_WARN_COMMA = YES;
				CLANG_WARN_CONSTANT_CONVERSION = YES;
				CLANG_WARN_DEPRECATED_OBJC_IMPLEMENTATIONS = YES;
				CLANG_WARN_DIRECT_OBJC_ISA_USAGE = YES_ERROR;
				CLANG_WARN_DOCUMENTATION_COMMENTS = YES;
				CLANG_WARN_EMPTY_BODY = YES;
				CLANG_WARN_ENUM_CONVERSION = YES;
				CLANG_WARN_INFINITE_RECURSION = YES;
				CLANG_WARN_INT_CONVERSION = YES;
				CLANG_WARN_NON_LITERAL_NULL_CONVERSION = YES;
				CLANG_WARN_OBJC_IMPLICIT_RETAIN_SELF = YES;
				CLANG_WARN_OBJC_LITERAL_CONVERSION = YES;
				CLANG_WARN_OBJC_ROOT_CLASS = YES_ERROR;
				CLANG_WARN_RANGE_LOOP_ANALYSIS = YES;
				CLANG_WARN_STRICT_PROTOTYPES = YES;
				CLANG_WARN_SUSPICIOUS_MOVE = YES;
				CLANG_WARN_UNGUARDED_AVAILABILITY = YES_AGGRESSIVE;
				CLANG_WARN_UNREACHABLE_CODE = YES;
				CLANG_WARN__DUPLICATE_METHOD_MATCH = YES;
				COPY_PHASE_STRIP = NO;
				DEBUG_INFORMATION_FORMAT = dwarf;
				ENABLE_STRICT_OBJC_MSGSEND = YES;
				ENABLE_TESTABILITY = YES;
				GCC_C_LANGUAGE_STANDARD = gnu11;
				GCC_DYNAMIC_NO_PIC = NO;
				GCC_NO_COMMON_BLOCKS = YES;
				GCC_OPTIMIZATION_LEVEL = 0;
				GCC_PREPROCESSOR_DEFINITIONS = (
					"DEBUG=1",
					"$(inherited)",
				);
				GCC_WARN_64_TO_32_BIT_CONVERSION = YES;
				GCC_WARN_ABOUT_RETURN_TYPE = YES_ERROR;
				GCC_WARN_UNDECLARED_SELECTOR = YES;
				GCC_WARN_UNINITIALIZED_AUTOS = YES_AGGRESSIVE;
				GCC_WARN_UNUSED_FUNCTION = YES;
				GCC_WARN_UNUSED_VARIABLE = YES;
				IPHONEOS_DEPLOYMENT_TARGET = 13.1;
				MTL_ENABLE_DEBUG_INFO = INCLUDE_SOURCE;
				MTL_FAST_MATH = YES;
				ONLY_ACTIVE_ARCH = YES;
				SDKROOT = iphoneos;
				SWIFT_ACTIVE_COMPILATION_CONDITIONS = DEBUG;
				SWIFT_OPTIMIZATION_LEVEL = "-Onone";
			};
			name = Debug;
		};
		8C939FCC235539AA00672688 /* Release */ = {
			isa = XCBuildConfiguration;
			buildSettings = {
				ALWAYS_SEARCH_USER_PATHS = NO;
				CLANG_ANALYZER_NONNULL = YES;
				CLANG_ANALYZER_NUMBER_OBJECT_CONVERSION = YES_AGGRESSIVE;
				CLANG_CXX_LANGUAGE_STANDARD = "gnu++14";
				CLANG_CXX_LIBRARY = "libc++";
				CLANG_ENABLE_MODULES = YES;
				CLANG_ENABLE_OBJC_ARC = YES;
				CLANG_ENABLE_OBJC_WEAK = YES;
				CLANG_WARN_BLOCK_CAPTURE_AUTORELEASING = YES;
				CLANG_WARN_BOOL_CONVERSION = YES;
				CLANG_WARN_COMMA = YES;
				CLANG_WARN_CONSTANT_CONVERSION = YES;
				CLANG_WARN_DEPRECATED_OBJC_IMPLEMENTATIONS = YES;
				CLANG_WARN_DIRECT_OBJC_ISA_USAGE = YES_ERROR;
				CLANG_WARN_DOCUMENTATION_COMMENTS = YES;
				CLANG_WARN_EMPTY_BODY = YES;
				CLANG_WARN_ENUM_CONVERSION = YES;
				CLANG_WARN_INFINITE_RECURSION = YES;
				CLANG_WARN_INT_CONVERSION = YES;
				CLANG_WARN_NON_LITERAL_NULL_CONVERSION = YES;
				CLANG_WARN_OBJC_IMPLICIT_RETAIN_SELF = YES;
				CLANG_WARN_OBJC_LITERAL_CONVERSION = YES;
				CLANG_WARN_OBJC_ROOT_CLASS = YES_ERROR;
				CLANG_WARN_RANGE_LOOP_ANALYSIS = YES;
				CLANG_WARN_STRICT_PROTOTYPES = YES;
				CLANG_WARN_SUSPICIOUS_MOVE = YES;
				CLANG_WARN_UNGUARDED_AVAILABILITY = YES_AGGRESSIVE;
				CLANG_WARN_UNREACHABLE_CODE = YES;
				CLANG_WARN__DUPLICATE_METHOD_MATCH = YES;
				COPY_PHASE_STRIP = NO;
				DEBUG_INFORMATION_FORMAT = "dwarf-with-dsym";
				ENABLE_NS_ASSERTIONS = NO;
				ENABLE_STRICT_OBJC_MSGSEND = YES;
				GCC_C_LANGUAGE_STANDARD = gnu11;
				GCC_NO_COMMON_BLOCKS = YES;
				GCC_WARN_64_TO_32_BIT_CONVERSION = YES;
				GCC_WARN_ABOUT_RETURN_TYPE = YES_ERROR;
				GCC_WARN_UNDECLARED_SELECTOR = YES;
				GCC_WARN_UNINITIALIZED_AUTOS = YES_AGGRESSIVE;
				GCC_WARN_UNUSED_FUNCTION = YES;
				GCC_WARN_UNUSED_VARIABLE = YES;
				IPHONEOS_DEPLOYMENT_TARGET = 13.1;
				MTL_ENABLE_DEBUG_INFO = NO;
				MTL_FAST_MATH = YES;
				SDKROOT = iphoneos;
				SWIFT_COMPILATION_MODE = wholemodule;
				SWIFT_OPTIMIZATION_LEVEL = "-O";
				VALIDATE_PRODUCT = YES;
			};
			name = Release;
		};
		8C939FCE235539AA00672688 /* Debug */ = {
			isa = XCBuildConfiguration;
			buildSettings = {
				ASSETCATALOG_COMPILER_APPICON_NAME = AppIcon;
				CODE_SIGN_STYLE = Automatic;
				DEVELOPMENT_TEAM = 43TZ2G4LB8;
				INFOPLIST_FILE = CarController/Info.plist;
				LD_RUNPATH_SEARCH_PATHS = (
					"$(inherited)",
					"@executable_path/Frameworks",
				);
				PRODUCT_BUNDLE_IDENTIFIER = sam.CarController;
				PRODUCT_NAME = "$(TARGET_NAME)";
				SWIFT_VERSION = 5.0;
				TARGETED_DEVICE_FAMILY = "1,2";
			};
			name = Debug;
		};
		8C939FCF235539AA00672688 /* Release */ = {
			isa = XCBuildConfiguration;
			buildSettings = {
				ASSETCATALOG_COMPILER_APPICON_NAME = AppIcon;
				CODE_SIGN_STYLE = Automatic;
				DEVELOPMENT_TEAM = 43TZ2G4LB8;
				INFOPLIST_FILE = CarController/Info.plist;
				LD_RUNPATH_SEARCH_PATHS = (
					"$(inherited)",
					"@executable_path/Frameworks",
				);
				PRODUCT_BUNDLE_IDENTIFIER = sam.CarController;
				PRODUCT_NAME = "$(TARGET_NAME)";
				SWIFT_VERSION = 5.0;
				TARGETED_DEVICE_FAMILY = "1,2";
			};
			name = Release;
		};
/* End XCBuildConfiguration section */

/* Begin XCConfigurationList section */
		8C939FB4235539A900672688 /* Build configuration list for PBXProject "CarController" */ = {
			isa = XCConfigurationList;
			buildConfigurations = (
				8C939FCB235539AA00672688 /* Debug */,
				8C939FCC235539AA00672688 /* Release */,
			);
			defaultConfigurationIsVisible = 0;
			defaultConfigurationName = Release;
		};
		8C939FCD235539AA00672688 /* Build configuration list for PBXNativeTarget "CarController" */ = {
			isa = XCConfigurationList;
			buildConfigurations = (
				8C939FCE235539AA00672688 /* Debug */,
				8C939FCF235539AA00672688 /* Release */,
			);
			defaultConfigurationIsVisible = 0;
			defaultConfigurationName = Release;
		};
/* End XCConfigurationList section */
	};
	rootObject = 8C939FB1235539A900672688 /* Project object */;
}
